{
  "requires": true,
  "lockfileVersion": 1,
  "dependencies": {
    "buefy": {
      "version": "0.8.20",
      "resolved": "https://registry.npmjs.org/buefy/-/buefy-0.8.20.tgz",
      "integrity": "sha512-pg8Cn0m9cjqp2/vaKT4VIfU8KIumuX/gAT1GtearXRs56+kKqAPx3j9O8cm9W6P4jPUCHajKX6H8AqD0ram2Bg==",
      "requires": {
        "bulma": "0.7.5"
      }
    },
    "bulma": {
      "version": "0.7.5",
      "resolved": "https://registry.npmjs.org/bulma/-/bulma-0.7.5.tgz",
      "integrity": "sha512-cX98TIn0I6sKba/DhW0FBjtaDpxTelU166pf7ICXpCCuplHWyu6C9LYZmL5PEsnePIeJaiorsTEzzNk3Tsm1hw=="
    }
  }
}
